
Microsoft Visual Studio Solution File, Format Version 12.00
# Visual Studio 15
VisualStudioVersion = 15.0.26430.16
MinimumVisualStudioVersion = 10.0.40219.1
Project("{FAE04EC0-301F-11D3-BF4B-00C04F79EFBC}") = "BigTwoBot", "BigTwoBot\BigTwoBot.csproj", "{8E32ACB4-5B58-4C7F-A651-B15E680F2838}"
EndProject
Project("{2150E333-8FDC-42A3-9474-1A3956D46DE8}") = "BigTwoBot", "BigTwoBot", "{0514D2CB-AEC9-4765-852F-27D75E262A11}"
EndProject
Project("{FAE04EC0-301F-11D3-BF4B-00C04F79EFBC}") = "Database", "Database\Database.csproj", "{BC6CBD8E-5C35-41C7-AA1A-EB6493AD9E67}"
EndProject
Project("{FAE04EC0-301F-11D3-BF4B-00C04F79EFBC}") = "BigTwoBotNode", "BigTwoBotNode\BigTwoBotNode.csproj", "{93A4BD51-8759-498F-9BBE-A43D0083E56B}"
EndProject
Global
	GlobalSection(SolutionConfigurationPlatforms) = preSolution
		Debug|Any CPU = Debug|Any CPU
		Release|Any CPU = Release|Any CPU
	EndGlobalSection
	GlobalSection(ProjectConfigurationPlatforms) = postSolution
		{8E32ACB4-5B58-4C7F-A651-B15E680F2838}.Debug|Any CPU.ActiveCfg = Debug|Any CPU
		{8E32ACB4-5B58-4C7F-A651-B15E680F2838}.Debug|Any CPU.Build.0 = Debug|Any CPU
		{8E32ACB4-5B58-4C7F-A651-B15E680F2838}.Release|Any CPU.ActiveCfg = Release|Any CPU
		{8E32ACB4-5B58-4C7F-A651-B15E680F2838}.Release|Any CPU.Build.0 = Release|Any CPU
		{BC6CBD8E-5C35-41C7-AA1A-EB6493AD9E67}.Debug|Any CPU.ActiveCfg = Debug|Any CPU
		{BC6CBD8E-5C35-41C7-AA1A-EB6493AD9E67}.Debug|Any CPU.Build.0 = Debug|Any CPU
		{BC6CBD8E-5C35-41C7-AA1A-EB6493AD9E67}.Release|Any CPU.ActiveCfg = Release|Any CPU
		{BC6CBD8E-5C35-41C7-AA1A-EB6493AD9E67}.Release|Any CPU.Build.0 = Release|Any CPU
		{93A4BD51-8759-498F-9BBE-A43D0083E56B}.Debug|Any CPU.ActiveCfg = Debug|Any CPU
		{93A4BD51-8759-498F-9BBE-A43D0083E56B}.Debug|Any CPU.Build.0 = Debug|Any CPU
		{93A4BD51-8759-498F-9BBE-A43D0083E56B}.Release|Any CPU.ActiveCfg = Release|Any CPU
		{93A4BD51-8759-498F-9BBE-A43D0083E56B}.Release|Any CPU.Build.0 = Release|Any CPU
	EndGlobalSection
	GlobalSection(SolutionProperties) = preSolution
		HideSolutionNode = FALSE
	EndGlobalSection
	GlobalSection(NestedProjects) = preSolution
		{8E32ACB4-5B58-4C7F-A651-B15E680F2838} = {0514D2CB-AEC9-4765-852F-27D75E262A11}
		{BC6CBD8E-5C35-41C7-AA1A-EB6493AD9E67} = {0514D2CB-AEC9-4765-852F-27D75E262A11}
		{93A4BD51-8759-498F-9BBE-A43D0083E56B} = {0514D2CB-AEC9-4765-852F-27D75E262A11}
	EndGlobalSection
	GlobalSection(ExtensibilityGlobals) = postSolution
		SolutionGuid = {F9327F22-0D40-49F3-98BA-931EEC2FD713}
	EndGlobalSection
EndGlobal
